
Microsoft Visual Studio Solution File, Format Version 12.00
# Visual Studio 15
VisualStudioVersion = 15.0.27130.2036
MinimumVisualStudioVersion = 10.0.40219.1
Project("{FAE04EC0-301F-11D3-BF4B-00C04F79EFBC}") = "ContentPageLearning.Android", "ContentPageLearning\ContentPageLearning.Android\ContentPageLearning.Android.csproj", "{9FC257CD-5A62-492E-9824-62342A2AD189}"
EndProject
Project("{FAE04EC0-301F-11D3-BF4B-00C04F79EFBC}") = "ContentPageLearning.iOS", "ContentPageLearning\ContentPageLearning.iOS\ContentPageLearning.iOS.csproj", "{731D5C15-162C-4EDB-9081-0AC86BCDA01E}"
EndProject
Project("{FAE04EC0-301F-11D3-BF4B-00C04F79EFBC}") = "ContentPageLearning.UWP", "ContentPageLearning\ContentPageLearning.UWP\ContentPageLearning.UWP.csproj", "{35E48465-AAD6-446C-A1B7-C2CEF5A2ADAF}"
EndProject
Project("{FAE04EC0-301F-11D3-BF4B-00C04F79EFBC}") = "ContentPageLearning", "ContentPageLearning\ContentPageLearning\ContentPageLearning.csproj", "{584CB543-D036-4A5F-AAE1-BCD9527795DD}"
EndProject
Global
	GlobalSection(SolutionConfigurationPlatforms) = preSolution
		Ad-Hoc|Any CPU = Ad-Hoc|Any CPU
		Ad-Hoc|ARM = Ad-Hoc|ARM
		Ad-Hoc|iPhone = Ad-Hoc|iPhone
		Ad-Hoc|iPhoneSimulator = Ad-Hoc|iPhoneSimulator
		Ad-Hoc|x64 = Ad-Hoc|x64
		Ad-Hoc|x86 = Ad-Hoc|x86
		AppStore|Any CPU = AppStore|Any CPU
		AppStore|ARM = AppStore|ARM
		AppStore|iPhone = AppStore|iPhone
		AppStore|iPhoneSimulator = AppStore|iPhoneSimulator
		AppStore|x64 = AppStore|x64
		AppStore|x86 = AppStore|x86
		Debug|Any CPU = Debug|Any CPU
		Debug|ARM = Debug|ARM
		Debug|iPhone = Debug|iPhone
		Debug|iPhoneSimulator = Debug|iPhoneSimulator
		Debug|x64 = Debug|x64
		Debug|x86 = Debug|x86
		Release|Any CPU = Release|Any CPU
		Release|ARM = Release|ARM
		Release|iPhone = Release|iPhone
		Release|iPhoneSimulator = Release|iPhoneSimulator
		Release|x64 = Release|x64
		Release|x86 = Release|x86
	EndGlobalSection
	GlobalSection(ProjectConfigurationPlatforms) = postSolution
		{9FC257CD-5A62-492E-9824-62342A2AD189}.Ad-Hoc|Any CPU.ActiveCfg = Release|Any CPU
		{9FC257CD-5A62-492E-9824-62342A2AD189}.Ad-Hoc|Any CPU.Build.0 = Release|Any CPU
		{9FC257CD-5A62-492E-9824-62342A2AD189}.Ad-Hoc|Any CPU.Deploy.0 = Release|Any CPU
		{9FC257CD-5A62-492E-9824-62342A2AD189}.Ad-Hoc|ARM.ActiveCfg = Release|Any CPU
		{9FC257CD-5A62-492E-9824-62342A2AD189}.Ad-Hoc|ARM.Build.0 = Release|Any CPU
		{9FC257CD-5A62-492E-9824-62342A2AD189}.Ad-Hoc|ARM.Deploy.0 = Release|Any CPU
		{9FC257CD-5A62-492E-9824-62342A2AD189}.Ad-Hoc|iPhone.ActiveCfg = Release|Any CPU
		{9FC257CD-5A62-492E-9824-62342A2AD189}.Ad-Hoc|iPhone.Build.0 = Release|Any CPU
		{9FC257CD-5A62-492E-9824-62342A2AD189}.Ad-Hoc|iPhone.Deploy.0 = Release|Any CPU
		{9FC257CD-5A62-492E-9824-62342A2AD189}.Ad-Hoc|iPhoneSimulator.ActiveCfg = Release|Any CPU
		{9FC257CD-5A62-492E-9824-62342A2AD189}.Ad-Hoc|iPhoneSimulator.Build.0 = Release|Any CPU
		{9FC257CD-5A62-492E-9824-62342A2AD189}.Ad-Hoc|iPhoneSimulator.Deploy.0 = Release|Any CPU
		{9FC257CD-5A62-492E-9824-62342A2AD189}.Ad-Hoc|x64.ActiveCfg = Release|Any CPU
		{9FC257CD-5A62-492E-9824-62342A2AD189}.Ad-Hoc|x64.Build.0 = Release|Any CPU
		{9FC257CD-5A62-492E-9824-62342A2AD189}.Ad-Hoc|x64.Deploy.0 = Release|Any CPU
		{9FC257CD-5A62-492E-9824-62342A2AD189}.Ad-Hoc|x86.ActiveCfg = Release|Any CPU
		{9FC257CD-5A62-492E-9824-62342A2AD189}.Ad-Hoc|x86.Build.0 = Release|Any CPU
		{9FC257CD-5A62-492E-9824-62342A2AD189}.Ad-Hoc|x86.Deploy.0 = Release|Any CPU
		{9FC257CD-5A62-492E-9824-62342A2AD189}.AppStore|Any CPU.ActiveCfg = Release|Any CPU
		{9FC257CD-5A62-492E-9824-62342A2AD189}.AppStore|Any CPU.Build.0 = Release|Any CPU
		{9FC257CD-5A62-492E-9824-62342A2AD189}.AppStore|Any CPU.Deploy.0 = Release|Any CPU
		{9FC257CD-5A62-492E-9824-62342A2AD189}.AppStore|ARM.ActiveCfg = Release|Any CPU
		{9FC257CD-5A62-492E-9824-62342A2AD189}.AppStore|ARM.Build.0 = Release|Any CPU
		{9FC257CD-5A62-492E-9824-62342A2AD189}.AppStore|ARM.Deploy.0 = Release|Any CPU
		{9FC257CD-5A62-492E-9824-62342A2AD189}.AppStore|iPhone.ActiveCfg = Release|Any CPU
		{9FC257CD-5A62-492E-9824-62342A2AD189}.AppStore|iPhone.Build.0 = Release|Any CPU
		{9FC257CD-5A62-492E-9824-62342A2AD189}.AppStore|iPhone.Deploy.0 = Release|Any CPU
		{9FC257CD-5A62-492E-9824-62342A2AD189}.AppStore|iPhoneSimulator.ActiveCfg = Release|Any CPU
		{9FC257CD-5A62-492E-9824-62342A2AD189}.AppStore|iPhoneSimulator.Build.0 = Release|Any CPU
		{9FC257CD-5A62-492E-9824-62342A2AD189}.AppStore|iPhoneSimulator.Deploy.0 = Release|Any CPU
		{9FC257CD-5A62-492E-9824-62342A2AD189}.AppStore|x64.ActiveCfg = Release|Any CPU
		{9FC257CD-5A62-492E-9824-62342A2AD189}.AppStore|x64.Build.0 = Release|Any CPU
		{9FC257CD-5A62-492E-9824-62342A2AD189}.AppStore|x64.Deploy.0 = Release|Any CPU
		{9FC257CD-5A62-492E-9824-62342A2AD189}.AppStore|x86.ActiveCfg = Release|Any CPU
		{9FC257CD-5A62-492E-9824-62342A2AD189}.AppStore|x86.Build.0 = Release|Any CPU
		{9FC257CD-5A62-492E-9824-62342A2AD189}.AppStore|x86.Deploy.0 = Release|Any CPU
		{9FC257CD-5A62-492E-9824-62342A2AD189}.Debug|Any CPU.ActiveCfg = Debug|Any CPU
		{9FC257CD-5A62-492E-9824-62342A2AD189}.Debug|Any CPU.Build.0 = Debug|Any CPU
		{9FC257CD-5A62-492E-9824-62342A2AD189}.Debug|Any CPU.Deploy.0 = Debug|Any CPU
		{9FC257CD-5A62-492E-9824-62342A2AD189}.Debug|ARM.ActiveCfg = Debug|Any CPU
		{9FC257CD-5A62-492E-9824-62342A2AD189}.Debug|ARM.Build.0 = Debug|Any CPU
		{9FC257CD-5A62-492E-9824-62342A2AD189}.Debug|ARM.Deploy.0 = Debug|Any CPU
		{9FC257CD-5A62-492E-9824-62342A2AD189}.Debug|iPhone.ActiveCfg = Debug|Any CPU
		{9FC257CD-5A62-492E-9824-62342A2AD189}.Debug|iPhone.Build.0 = Debug|Any CPU
		{9FC257CD-5A62-492E-9824-62342A2AD189}.Debug|iPhone.Deploy.0 = Debug|Any CPU
		{9FC257CD-5A62-492E-9824-62342A2AD189}.Debug|iPhoneSimulator.ActiveCfg = Debug|Any CPU
		{9FC257CD-5A62-492E-9824-62342A2AD189}.Debug|iPhoneSimulator.Build.0 = Debug|Any CPU
		{9FC257CD-5A62-492E-9824-62342A2AD189}.Debug|iPhoneSimulator.Deploy.0 = Debug|Any CPU
		{9FC257CD-5A62-492E-9824-62342A2AD189}.Debug|x64.ActiveCfg = Debug|Any CPU
		{9FC257CD-5A62-492E-9824-62342A2AD189}.Debug|x64.Build.0 = Debug|Any CPU
		{9FC257CD-5A62-492E-9824-62342A2AD189}.Debug|x64.Deploy.0 = Debug|Any CPU
		{9FC257CD-5A62-492E-9824-62342A2AD189}.Debug|x86.ActiveCfg = Debug|Any CPU
		{9FC257CD-5A62-492E-9824-62342A2AD189}.Debug|x86.Build.0 = Debug|Any CPU
		{9FC257CD-5A62-492E-9824-62342A2AD189}.Debug|x86.Deploy.0 = Debug|Any CPU
		{9FC257CD-5A62-492E-9824-62342A2AD189}.Release|Any CPU.ActiveCfg = Release|Any CPU
		{9FC257CD-5A62-492E-9824-62342A2AD189}.Release|Any CPU.Build.0 = Release|Any CPU
		{9FC257CD-5A62-492E-9824-62342A2AD189}.Release|Any CPU.Deploy.0 = Release|Any CPU
		{9FC257CD-5A62-492E-9824-62342A2AD189}.Release|ARM.ActiveCfg = Release|Any CPU
		{9FC257CD-5A62-492E-9824-62342A2AD189}.Release|ARM.Build.0 = Release|Any CPU
		{9FC257CD-5A62-492E-9824-62342A2AD189}.Release|ARM.Deploy.0 = Release|Any CPU
		{9FC257CD-5A62-492E-9824-62342A2AD189}.Release|iPhone.ActiveCfg = Release|Any CPU
		{9FC257CD-5A62-492E-9824-62342A2AD189}.Release|iPhone.Build.0 = Release|Any CPU
		{9FC257CD-5A62-492E-9824-62342A2AD189}.Release|iPhone.Deploy.0 = Release|Any CPU
		{9FC257CD-5A62-492E-9824-62342A2AD189}.Release|iPhoneSimulator.ActiveCfg = Release|Any CPU
		{9FC257CD-5A62-492E-9824-62342A2AD189}.Release|iPhoneSimulator.Build.0 = Release|Any CPU
		{9FC257CD-5A62-492E-9824-62342A2AD189}.Release|iPhoneSimulator.Deploy.0 = Release|Any CPU
		{9FC257CD-5A62-492E-9824-62342A2AD189}.Release|x64.ActiveCfg = Release|Any CPU
		{9FC257CD-5A62-492E-9824-62342A2AD189}.Release|x64.Build.0 = Release|Any CPU
		{9FC257CD-5A62-492E-9824-62342A2AD189}.Release|x64.Deploy.0 = Release|Any CPU
		{9FC257CD-5A62-492E-9824-62342A2AD189}.Release|x86.ActiveCfg = Release|Any CPU
		{9FC257CD-5A62-492E-9824-62342A2AD189}.Release|x86.Build.0 = Release|Any CPU
		{9FC257CD-5A62-492E-9824-62342A2AD189}.Release|x86.Deploy.0 = Release|Any CPU
		{731D5C15-162C-4EDB-9081-0AC86BCDA01E}.Ad-Hoc|Any CPU.ActiveCfg = Ad-Hoc|iPhone
		{731D5C15-162C-4EDB-9081-0AC86BCDA01E}.Ad-Hoc|ARM.ActiveCfg = Ad-Hoc|iPhone
		{731D5C15-162C-4EDB-9081-0AC86BCDA01E}.Ad-Hoc|iPhone.ActiveCfg = Ad-Hoc|iPhone
		{731D5C15-162C-4EDB-9081-0AC86BCDA01E}.Ad-Hoc|iPhone.Build.0 = Ad-Hoc|iPhone
		{731D5C15-162C-4EDB-9081-0AC86BCDA01E}.Ad-Hoc|iPhoneSimulator.ActiveCfg = Ad-Hoc|iPhoneSimulator
		{731D5C15-162C-4EDB-9081-0AC86BCDA01E}.Ad-Hoc|iPhoneSimulator.Build.0 = Ad-Hoc|iPhoneSimulator
		{731D5C15-162C-4EDB-9081-0AC86BCDA01E}.Ad-Hoc|x64.ActiveCfg = Ad-Hoc|iPhone
		{731D5C15-162C-4EDB-9081-0AC86BCDA01E}.Ad-Hoc|x86.ActiveCfg = Ad-Hoc|iPhone
		{731D5C15-162C-4EDB-9081-0AC86BCDA01E}.AppStore|Any CPU.ActiveCfg = AppStore|iPhone
		{731D5C15-162C-4EDB-9081-0AC86BCDA01E}.AppStore|ARM.ActiveCfg = AppStore|iPhone
		{731D5C15-162C-4EDB-9081-0AC86BCDA01E}.AppStore|iPhone.ActiveCfg = AppStore|iPhone
		{731D5C15-162C-4EDB-9081-0AC86BCDA01E}.AppStore|iPhone.Build.0 = AppStore|iPhone
		{731D5C15-162C-4EDB-9081-0AC86BCDA01E}.AppStore|iPhoneSimulator.ActiveCfg = AppStore|iPhoneSimulator
		{731D5C15-162C-4EDB-9081-0AC86BCDA01E}.AppStore|iPhoneSimulator.Build.0 = AppStore|iPhoneSimulator
		{731D5C15-162C-4EDB-9081-0AC86BCDA01E}.AppStore|x64.ActiveCfg = AppStore|iPhone
		{731D5C15-162C-4EDB-9081-0AC86BCDA01E}.AppStore|x86.ActiveCfg = AppStore|iPhone
		{731D5C15-162C-4EDB-9081-0AC86BCDA01E}.Debug|Any CPU.ActiveCfg = Debug|iPhone
		{731D5C15-162C-4EDB-9081-0AC86BCDA01E}.Debug|ARM.ActiveCfg = Debug|iPhone
		{731D5C15-162C-4EDB-9081-0AC86BCDA01E}.Debug|iPhone.ActiveCfg = Debug|iPhone
		{731D5C15-162C-4EDB-9081-0AC86BCDA01E}.Debug|iPhone.Build.0 = Debug|iPhone
		{731D5C15-162C-4EDB-9081-0AC86BCDA01E}.Debug|iPhoneSimulator.ActiveCfg = Debug|iPhoneSimulator
		{731D5C15-162C-4EDB-9081-0AC86BCDA01E}.Debug|iPhoneSimulator.Build.0 = Debug|iPhoneSimulator
		{731D5C15-162C-4EDB-9081-0AC86BCDA01E}.Debug|x64.ActiveCfg = Debug|iPhone
		{731D5C15-162C-4EDB-9081-0AC86BCDA01E}.Debug|x86.ActiveCfg = Debug|iPhone
		{731D5C15-162C-4EDB-9081-0AC86BCDA01E}.Release|Any CPU.ActiveCfg = Release|iPhone
		{731D5C15-162C-4EDB-9081-0AC86BCDA01E}.Release|ARM.ActiveCfg = Release|iPhone
		{731D5C15-162C-4EDB-9081-0AC86BCDA01E}.Release|iPhone.ActiveCfg = Release|iPhone
		{731D5C15-162C-4EDB-9081-0AC86BCDA01E}.Release|iPhone.Build.0 = Release|iPhone
		{731D5C15-162C-4EDB-9081-0AC86BCDA01E}.Release|iPhoneSimulator.ActiveCfg = Release|iPhoneSimulator
		{731D5C15-162C-4EDB-9081-0AC86BCDA01E}.Release|iPhoneSimulator.Build.0 = Release|iPhoneSimulator
		{731D5C15-162C-4EDB-9081-0AC86BCDA01E}.Release|x64.ActiveCfg = Release|iPhone
		{731D5C15-162C-4EDB-9081-0AC86BCDA01E}.Release|x86.ActiveCfg = Release|iPhone
		{35E48465-AAD6-446C-A1B7-C2CEF5A2ADAF}.Ad-Hoc|Any CPU.ActiveCfg = Release|x86
		{35E48465-AAD6-446C-A1B7-C2CEF5A2ADAF}.Ad-Hoc|Any CPU.Build.0 = Release|x86
		{35E48465-AAD6-446C-A1B7-C2CEF5A2ADAF}.Ad-Hoc|Any CPU.Deploy.0 = Release|x86
		{35E48465-AAD6-446C-A1B7-C2CEF5A2ADAF}.Ad-Hoc|ARM.ActiveCfg = Release|ARM
		{35E48465-AAD6-446C-A1B7-C2CEF5A2ADAF}.Ad-Hoc|ARM.Build.0 = Release|ARM
		{35E48465-AAD6-446C-A1B7-C2CEF5A2ADAF}.Ad-Hoc|ARM.Deploy.0 = Release|ARM
		{35E48465-AAD6-446C-A1B7-C2CEF5A2ADAF}.Ad-Hoc|iPhone.ActiveCfg = Release|x86
		{35E48465-AAD6-446C-A1B7-C2CEF5A2ADAF}.Ad-Hoc|iPhone.Build.0 = Release|x86
		{35E48465-AAD6-446C-A1B7-C2CEF5A2ADAF}.Ad-Hoc|iPhone.Deploy.0 = Release|x86
		{35E48465-AAD6-446C-A1B7-C2CEF5A2ADAF}.Ad-Hoc|iPhoneSimulator.ActiveCfg = Release|x86
		{35E48465-AAD6-446C-A1B7-C2CEF5A2ADAF}.Ad-Hoc|iPhoneSimulator.Build.0 = Release|x86
		{35E48465-AAD6-446C-A1B7-C2CEF5A2ADAF}.Ad-Hoc|iPhoneSimulator.Deploy.0 = Release|x86
		{35E48465-AAD6-446C-A1B7-C2CEF5A2ADAF}.Ad-Hoc|x64.ActiveCfg = Release|x64
		{35E48465-AAD6-446C-A1B7-C2CEF5A2ADAF}.Ad-Hoc|x64.Build.0 = Release|x64
		{35E48465-AAD6-446C-A1B7-C2CEF5A2ADAF}.Ad-Hoc|x64.Deploy.0 = Release|x64
		{35E48465-AAD6-446C-A1B7-C2CEF5A2ADAF}.Ad-Hoc|x86.ActiveCfg = Release|x86
		{35E48465-AAD6-446C-A1B7-C2CEF5A2ADAF}.Ad-Hoc|x86.Build.0 = Release|x86
		{35E48465-AAD6-446C-A1B7-C2CEF5A2ADAF}.Ad-Hoc|x86.Deploy.0 = Release|x86
		{35E48465-AAD6-446C-A1B7-C2CEF5A2ADAF}.AppStore|Any CPU.ActiveCfg = Release|x86
		{35E48465-AAD6-446C-A1B7-C2CEF5A2ADAF}.AppStore|Any CPU.Build.0 = Release|x86
		{35E48465-AAD6-446C-A1B7-C2CEF5A2ADAF}.AppStore|Any CPU.Deploy.0 = Release|x86
		{35E48465-AAD6-446C-A1B7-C2CEF5A2ADAF}.AppStore|ARM.ActiveCfg = Release|ARM
		{35E48465-AAD6-446C-A1B7-C2CEF5A2ADAF}.AppStore|ARM.Build.0 = Release|ARM
		{35E48465-AAD6-446C-A1B7-C2CEF5A2ADAF}.AppStore|ARM.Deploy.0 = Release|ARM
		{35E48465-AAD6-446C-A1B7-C2CEF5A2ADAF}.AppStore|iPhone.ActiveCfg = Release|x86
		{35E48465-AAD6-446C-A1B7-C2CEF5A2ADAF}.AppStore|iPhone.Build.0 = Release|x86
		{35E48465-AAD6-446C-A1B7-C2CEF5A2ADAF}.AppStore|iPhone.Deploy.0 = Release|x86
		{35E48465-AAD6-446C-A1B7-C2CEF5A2ADAF}.AppStore|iPhoneSimulator.ActiveCfg = Release|x86
		{35E48465-AAD6-446C-A1B7-C2CEF5A2ADAF}.AppStore|iPhoneSimulator.Build.0 = Release|x86
		{35E48465-AAD6-446C-A1B7-C2CEF5A2ADAF}.AppStore|iPhoneSimulator.Deploy.0 = Release|x86
		{35E48465-AAD6-446C-A1B7-C2CEF5A2ADAF}.AppStore|x64.ActiveCfg = Release|x64
		{35E48465-AAD6-446C-A1B7-C2CEF5A2ADAF}.AppStore|x64.Build.0 = Release|x64
		{35E48465-AAD6-446C-A1B7-C2CEF5A2ADAF}.AppStore|x64.Deploy.0 = Release|x64
		{35E48465-AAD6-446C-A1B7-C2CEF5A2ADAF}.AppStore|x86.ActiveCfg = Release|x86
		{35E48465-AAD6-446C-A1B7-C2CEF5A2ADAF}.AppStore|x86.Build.0 = Release|x86
		{35E48465-AAD6-446C-A1B7-C2CEF5A2ADAF}.AppStore|x86.Deploy.0 = Release|x86
		{35E48465-AAD6-446C-A1B7-C2CEF5A2ADAF}.Debug|Any CPU.ActiveCfg = Debug|x86
		{35E48465-AAD6-446C-A1B7-C2CEF5A2ADAF}.Debug|ARM.ActiveCfg = Debug|ARM
		{35E48465-AAD6-446C-A1B7-C2CEF5A2ADAF}.Debug|ARM.Build.0 = Debug|ARM
		{35E48465-AAD6-446C-A1B7-C2CEF5A2ADAF}.Debug|ARM.Deploy.0 = Debug|ARM
		{35E48465-AAD6-446C-A1B7-C2CEF5A2ADAF}.Debug|iPhone.ActiveCfg = Debug|x86
		{35E48465-AAD6-446C-A1B7-C2CEF5A2ADAF}.Debug|iPhoneSimulator.ActiveCfg = Debug|x86
		{35E48465-AAD6-446C-A1B7-C2CEF5A2ADAF}.Debug|x64.ActiveCfg = Debug|x64
		{35E48465-AAD6-446C-A1B7-C2CEF5A2ADAF}.Debug|x64.Build.0 = Debug|x64
		{35E48465-AAD6-446C-A1B7-C2CEF5A2ADAF}.Debug|x64.Deploy.0 = Debug|x64
		{35E48465-AAD6-446C-A1B7-C2CEF5A2ADAF}.Debug|x86.ActiveCfg = Debug|x86
		{35E48465-AAD6-446C-A1B7-C2CEF5A2ADAF}.Debug|x86.Build.0 = Debug|x86
		{35E48465-AAD6-446C-A1B7-C2CEF5A2ADAF}.Debug|x86.Deploy.0 = Debug|x86
		{35E48465-AAD6-446C-A1B7-C2CEF5A2ADAF}.Release|Any CPU.ActiveCfg = Release|x86
		{35E48465-AAD6-446C-A1B7-C2CEF5A2ADAF}.Release|ARM.ActiveCfg = Release|ARM
		{35E48465-AAD6-446C-A1B7-C2CEF5A2ADAF}.Release|ARM.Build.0 = Release|ARM
		{35E48465-AAD6-446C-A1B7-C2CEF5A2ADAF}.Release|ARM.Deploy.0 = Release|ARM
		{35E48465-AAD6-446C-A1B7-C2CEF5A2ADAF}.Release|iPhone.ActiveCfg = Release|x86
		{35E48465-AAD6-446C-A1B7-C2CEF5A2ADAF}.Release|iPhoneSimulator.ActiveCfg = Release|x86
		{35E48465-AAD6-446C-A1B7-C2CEF5A2ADAF}.Release|x64.ActiveCfg = Release|x64
		{35E48465-AAD6-446C-A1B7-C2CEF5A2ADAF}.Release|x64.Build.0 = Release|x64
		{35E48465-AAD6-446C-A1B7-C2CEF5A2ADAF}.Release|x64.Deploy.0 = Release|x64
		{35E48465-AAD6-446C-A1B7-C2CEF5A2ADAF}.Release|x86.ActiveCfg = Release|x86
		{35E48465-AAD6-446C-A1B7-C2CEF5A2ADAF}.Release|x86.Build.0 = Release|x86
		{35E48465-AAD6-446C-A1B7-C2CEF5A2ADAF}.Release|x86.Deploy.0 = Release|x86
		{584CB543-D036-4A5F-AAE1-BCD9527795DD}.Ad-Hoc|Any CPU.ActiveCfg = Debug|Any CPU
		{584CB543-D036-4A5F-AAE1-BCD9527795DD}.Ad-Hoc|Any CPU.Build.0 = Debug|Any CPU
		{584CB543-D036-4A5F-AAE1-BCD9527795DD}.Ad-Hoc|ARM.ActiveCfg = Debug|Any CPU
		{584CB543-D036-4A5F-AAE1-BCD9527795DD}.Ad-Hoc|ARM.Build.0 = Debug|Any CPU
		{584CB543-D036-4A5F-AAE1-BCD9527795DD}.Ad-Hoc|iPhone.ActiveCfg = Debug|Any CPU
		{584CB543-D036-4A5F-AAE1-BCD9527795DD}.Ad-Hoc|iPhone.Build.0 = Debug|Any CPU
		{584CB543-D036-4A5F-AAE1-BCD9527795DD}.Ad-Hoc|iPhoneSimulator.ActiveCfg = Debug|Any CPU
		{584CB543-D036-4A5F-AAE1-BCD9527795DD}.Ad-Hoc|iPhoneSimulator.Build.0 = Debug|Any CPU
		{584CB543-D036-4A5F-AAE1-BCD9527795DD}.Ad-Hoc|x64.ActiveCfg = Debug|Any CPU
		{584CB543-D036-4A5F-AAE1-BCD9527795DD}.Ad-Hoc|x64.Build.0 = Debug|Any CPU
		{584CB543-D036-4A5F-AAE1-BCD9527795DD}.Ad-Hoc|x86.ActiveCfg = Debug|Any CPU
		{584CB543-D036-4A5F-AAE1-BCD9527795DD}.Ad-Hoc|x86.Build.0 = Debug|Any CPU
		{584CB543-D036-4A5F-AAE1-BCD9527795DD}.AppStore|Any CPU.ActiveCfg = Debug|Any CPU
		{584CB543-D036-4A5F-AAE1-BCD9527795DD}.AppStore|Any CPU.Build.0 = Debug|Any CPU
		{584CB543-D036-4A5F-AAE1-BCD9527795DD}.AppStore|ARM.ActiveCfg = Debug|Any CPU
		{584CB543-D036-4A5F-AAE1-BCD9527795DD}.AppStore|ARM.Build.0 = Debug|Any CPU
		{584CB543-D036-4A5F-AAE1-BCD9527795DD}.AppStore|iPhone.ActiveCfg = Debug|Any CPU
		{584CB543-D036-4A5F-AAE1-BCD9527795DD}.AppStore|iPhone.Build.0 = Debug|Any CPU
		{584CB543-D036-4A5F-AAE1-BCD9527795DD}.AppStore|iPhoneSimulator.ActiveCfg = Debug|Any CPU
		{584CB543-D036-4A5F-AAE1-BCD9527795DD}.AppStore|iPhoneSimulator.Build.0 = Debug|Any CPU
		{584CB543-D036-4A5F-AAE1-BCD9527795DD}.AppStore|x64.ActiveCfg = Debug|Any CPU
		{584CB543-D036-4A5F-AAE1-BCD9527795DD}.AppStore|x64.Build.0 = Debug|Any CPU
		{584CB543-D036-4A5F-AAE1-BCD9527795DD}.AppStore|x86.ActiveCfg = Debug|Any CPU
		{584CB543-D036-4A5F-AAE1-BCD9527795DD}.AppStore|x86.Build.0 = Debug|Any CPU
		{584CB543-D036-4A5F-AAE1-BCD9527795DD}.Debug|Any CPU.ActiveCfg = Debug|Any CPU
		{584CB543-D036-4A5F-AAE1-BCD9527795DD}.Debug|Any CPU.Build.0 = Debug|Any CPU
		{584CB543-D036-4A5F-AAE1-BCD9527795DD}.Debug|ARM.ActiveCfg = Debug|Any CPU
		{584CB543-D036-4A5F-AAE1-BCD9527795DD}.Debug|ARM.Build.0 = Debug|Any CPU
		{584CB543-D036-4A5F-AAE1-BCD9527795DD}.Debug|iPhone.ActiveCfg = Debug|Any CPU
		{584CB543-D036-4A5F-AAE1-BCD9527795DD}.Debug|iPhone.Build.0 = Debug|Any CPU
		{584CB543-D036-4A5F-AAE1-BCD9527795DD}.Debug|iPhoneSimulator.ActiveCfg = Debug|Any CPU
		{584CB543-D036-4A5F-AAE1-BCD9527795DD}.Debug|iPhoneSimulator.Build.0 = Debug|Any CPU
		{584CB543-D036-4A5F-AAE1-BCD9527795DD}.Debug|x64.ActiveCfg = Debug|Any CPU
		{584CB543-D036-4A5F-AAE1-BCD9527795DD}.Debug|x64.Build.0 = Debug|Any CPU
		{584CB543-D036-4A5F-AAE1-BCD9527795DD}.Debug|x86.ActiveCfg = Debug|Any CPU
		{584CB543-D036-4A5F-AAE1-BCD9527795DD}.Debug|x86.Build.0 = Debug|Any CPU
		{584CB543-D036-4A5F-AAE1-BCD9527795DD}.Release|Any CPU.ActiveCfg = Release|Any CPU
		{584CB543-D036-4A5F-AAE1-BCD9527795DD}.Release|Any CPU.Build.0 = Release|Any CPU
		{584CB543-D036-4A5F-AAE1-BCD9527795DD}.Release|ARM.ActiveCfg = Release|Any CPU
		{584CB543-D036-4A5F-AAE1-BCD9527795DD}.Release|ARM.Build.0 = Release|Any CPU
		{584CB543-D036-4A5F-AAE1-BCD9527795DD}.Release|iPhone.ActiveCfg = Release|Any CPU
		{584CB543-D036-4A5F-AAE1-BCD9527795DD}.Release|iPhone.Build.0 = Release|Any CPU
		{584CB543-D036-4A5F-AAE1-BCD9527795DD}.Release|iPhoneSimulator.ActiveCfg = Release|Any CPU
		{584CB543-D036-4A5F-AAE1-BCD9527795DD}.Release|iPhoneSimulator.Build.0 = Release|Any CPU
		{584CB543-D036-4A5F-AAE1-BCD9527795DD}.Release|x64.ActiveCfg = Release|Any CPU
		{584CB543-D036-4A5F-AAE1-BCD9527795DD}.Release|x64.Build.0 = Release|Any CPU
		{584CB543-D036-4A5F-AAE1-BCD9527795DD}.Release|x86.ActiveCfg = Release|Any CPU
		{584CB543-D036-4A5F-AAE1-BCD9527795DD}.Release|x86.Build.0 = Release|Any CPU
	EndGlobalSection
	GlobalSection(SolutionProperties) = preSolution
		HideSolutionNode = FALSE
	EndGlobalSection
	GlobalSection(ExtensibilityGlobals) = postSolution
		SolutionGuid = {0C2BEA14-1139-42F1-9FFB-D56FA8CA7016}
	EndGlobalSection
EndGlobal
